<?xml version="1.0" encoding="UTF-8"?>
<Project ToolsVersion="12.0" xmlns="http://schemas.microsoft.com/developer/msbuild/2003">
  <ItemGroup>
    <ClCompile Include="C:\Users\dirk\deviation\Deviation_pi\src\deviation_pi.cpp">
      <Filter>Source Files</Filter>
    </ClCompile>
    <ClCompile Include="C:\Users\dirk\deviation\Deviation_pi\src\spa.cpp">
      <Filter>Source Files</Filter>
    </ClCompile>
    <ClCompile Include="C:\Users\dirk\deviation\Deviation_pi\src\SharedStuff.cpp">
      <Filter>Source Files</Filter>
    </ClCompile>
    <ClCompile Include="C:\Users\dirk\deviation\Deviation_pi\src\readwritexml.cpp">
      <Filter>Source Files</Filter>
    </ClCompile>
    <ClCompile Include="C:\Users\dirk\deviation\Deviation_pi\src\preferencedlg.cpp">
      <Filter>Source Files</Filter>
    </ClCompile>
    <ClCompile Include="C:\Users\dirk\deviation\Deviation_pi\src\compass.cpp">
      <Filter>Source Files</Filter>
    </ClCompile>
    <ClCompile Include="C:\Users\dirk\deviation\Deviation_pi\src\printing.cpp">
      <Filter>Source Files</Filter>
    </ClCompile>
    <ClCompile Include="C:\Users\dirk\deviation\Deviation_pi\src\bearingdlg.cpp">
      <Filter>Source Files</Filter>
    </ClCompile>
    <ClCompile Include="C:\Users\dirk\deviation\Deviation_pi\src\icons.cpp">
      <Filter>Source Files</Filter>
    </ClCompile>
    <ClCompile Include="C:\Users\dirk\deviation\Deviation_pi\src\nmea0183\latlong.cpp">
      <Filter>Source Files</Filter>
    </ClCompile>
    <ClCompile Include="C:\Users\dirk\deviation\Deviation_pi\src\nmea0183\long.cpp">
      <Filter>Source Files</Filter>
    </ClCompile>
    <ClCompile Include="C:\Users\dirk\deviation\Deviation_pi\src\nmea0183\nmea0183.cpp">
      <Filter>Source Files</Filter>
    </ClCompile>
    <ClCompile Include="C:\Users\dirk\deviation\Deviation_pi\src\nmea0183\response.cpp">
      <Filter>Source Files</Filter>
    </ClCompile>
    <ClCompile Include="C:\Users\dirk\deviation\Deviation_pi\src\nmea0183\sentence.cpp">
      <Filter>Source Files</Filter>
    </ClCompile>
    <ClCompile Include="C:\Users\dirk\deviation\Deviation_pi\src\nmea0183\talkerid.cpp">
      <Filter>Source Files</Filter>
    </ClCompile>
    <ClCompile Include="C:\Users\dirk\deviation\Deviation_pi\src\nmea0183\hexvalue.cpp">
      <Filter>Source Files</Filter>
    </ClCompile>
    <ClCompile Include="C:\Users\dirk\deviation\Deviation_pi\src\nmea0183\lat.cpp">
      <Filter>Source Files</Filter>
    </ClCompile>
    <ClCompile Include="C:\Users\dirk\deviation\Deviation_pi\src\nmea0183\expid.cpp">
      <Filter>Source Files</Filter>
    </ClCompile>
    <ClCompile Include="C:\Users\dirk\deviation\Deviation_pi\src\nmea0183\hdt.cpp">
      <Filter>Source Files</Filter>
    </ClCompile>
    <ClCompile Include="C:\Users\dirk\deviation\Deviation_pi\src\nmea0183\hdg.cpp">
      <Filter>Source Files</Filter>
    </ClCompile>
    <ClCompile Include="C:\Users\dirk\deviation\Deviation_pi\src\nmea0183\hdm.cpp">
      <Filter>Source Files</Filter>
    </ClCompile>
    <ClCompile Include="C:\Users\dirk\deviation\Deviation_pi\src\nmea0183\gll.cpp">
      <Filter>Source Files</Filter>
    </ClCompile>
    <ClCompile Include="C:\Users\dirk\deviation\Deviation_pi\src\nmea0183\gga.cpp">
      <Filter>Source Files</Filter>
    </ClCompile>
    <ClCompile Include="C:\Users\dirk\deviation\Deviation_pi\src\jsonreader.cpp">
      <Filter>Source Files</Filter>
    </ClCompile>
    <ClCompile Include="C:\Users\dirk\deviation\Deviation_pi\src\jsonval.cpp">
      <Filter>Source Files</Filter>
    </ClCompile>
    <ClCompile Include="C:\Users\dirk\deviation\Deviation_pi\src\jsonwriter.cpp">
      <Filter>Source Files</Filter>
    </ClCompile>
    <ClCompile Include="C:\Users\dirk\deviation\Deviation_pi\src\tinyxml\tinyxml.cpp">
      <Filter>Source Files</Filter>
    </ClCompile>
    <ClCompile Include="C:\Users\dirk\deviation\Deviation_pi\src\tinyxml\tinyxmlparser.cpp">
      <Filter>Source Files</Filter>
    </ClCompile>
    <ClCompile Include="C:\Users\dirk\deviation\Deviation_pi\src\tinyxml\tinyxmlerror.cpp">
      <Filter>Source Files</Filter>
    </ClCompile>
  </ItemGroup>
  <ItemGroup>
    <ClInclude Include="C:\Users\dirk\deviation\Deviation_pi\src\deviation_pi.h">
      <Filter>Header Files</Filter>
    </ClInclude>
    <ClInclude Include="C:\Users\dirk\deviation\Deviation_pi\src\spa.h">
      <Filter>Header Files</Filter>
    </ClInclude>
    <ClInclude Include="C:\Users\dirk\deviation\Deviation_pi\src\SharedStuff.h">
      <Filter>Header Files</Filter>
    </ClInclude>
    <ClInclude Include="C:\Users\dirk\deviation\Deviation_pi\src\readwritexml.h">
      <Filter>Header Files</Filter>
    </ClInclude>
    <ClInclude Include="C:\Users\dirk\deviation\Deviation_pi\src\preferencedlg.h">
      <Filter>Header Files</Filter>
    </ClInclude>
    <ClInclude Include="C:\Users\dirk\deviation\Deviation_pi\src\compass.h">
      <Filter>Header Files</Filter>
    </ClInclude>
    <ClInclude Include="C:\Users\dirk\deviation\Deviation_pi\src\printing.h">
      <Filter>Header Files</Filter>
    </ClInclude>
    <ClInclude Include="C:\Users\dirk\deviation\Deviation_pi\src\bearingdlg.h">
      <Filter>Header Files</Filter>
    </ClInclude>
    <ClInclude Include="C:\Users\dirk\deviation\Deviation_pi\src\icons.h">
      <Filter>Header Files</Filter>
    </ClInclude>
    <ClInclude Include="C:\Users\dirk\deviation\Deviation_pi\src\nmea0183\LatLong.hpp">
      <Filter>Header Files</Filter>
    </ClInclude>
    <ClInclude Include="C:\Users\dirk\deviation\Deviation_pi\src\nmea0183\nmea0183.hpp">
      <Filter>Header Files</Filter>
    </ClInclude>
    <ClInclude Include="C:\Users\dirk\deviation\Deviation_pi\src\nmea0183\Response.hpp">
      <Filter>Header Files</Filter>
    </ClInclude>
    <ClInclude Include="C:\Users\dirk\deviation\Deviation_pi\src\nmea0183\Sentence.hpp">
      <Filter>Header Files</Filter>
    </ClInclude>
    <ClInclude Include="C:\Users\dirk\deviation\Deviation_pi\src\nmea0183\hdt.hpp">
      <Filter>Header Files</Filter>
    </ClInclude>
    <ClInclude Include="C:\Users\dirk\deviation\Deviation_pi\src\nmea0183\hdg.hpp">
      <Filter>Header Files</Filter>
    </ClInclude>
    <ClInclude Include="C:\Users\dirk\deviation\Deviation_pi\src\nmea0183\hdm.hpp">
      <Filter>Header Files</Filter>
    </ClInclude>
    <ClInclude Include="C:\Users\dirk\deviation\Deviation_pi\src\nmea0183\gll.hpp">
      <Filter>Header Files</Filter>
    </ClInclude>
    <ClInclude Include="C:\Users\dirk\deviation\Deviation_pi\src\nmea0183\gga.hpp">
      <Filter>Header Files</Filter>
    </ClInclude>
    <ClInclude Include="C:\Users\dirk\deviation\Deviation_pi\src\json_defs.h">
      <Filter>Header Files</Filter>
    </ClInclude>
    <ClInclude Include="C:\Users\dirk\deviation\Deviation_pi\src\jsonreader.h">
      <Filter>Header Files</Filter>
    </ClInclude>
    <ClInclude Include="C:\Users\dirk\deviation\Deviation_pi\src\jsonval.h">
      <Filter>Header Files</Filter>
    </ClInclude>
    <ClInclude Include="C:\Users\dirk\deviation\Deviation_pi\src\jsonwriter.h">
      <Filter>Header Files</Filter>
    </ClInclude>
  </ItemGroup>
  <ItemGroup>
    <CustomBuild Include="C:\Users\dirk\deviation\Deviation_pi\CMakeLists.txt" />
  </ItemGroup>
  <ItemGroup>
    <Filter Include="Source Files">
      <UniqueIdentifier>{B77DAE5E-289E-35AD-A231-E1E78FADB4FC}</UniqueIdentifier>
    </Filter>
    <Filter Include="Header Files">
      <UniqueIdentifier>{1DF1C45C-CD0D-30AC-8275-484982EBA105}</UniqueIdentifier>
    </Filter>
  </ItemGroup>
</Project>
